// !$*UTF8*$!
{
	archiveVersion = 1;
	classes = {
	};
	objectVersion = 55;
	objects = {

/* Begin PBXBuildFile section */
		18F48A8827F831B700218100 /* AppDelegate.m in Sources */ = {isa = PBXBuildFile; fileRef = 18F48A8727F831B700218100 /* AppDelegate.m */; };
		18F48A8B27F831B700218100 /* SceneDelegate.m in Sources */ = {isa = PBXBuildFile; fileRef = 18F48A8A27F831B700218100 /* SceneDelegate.m */; };
		18F48A8E27F831B700218100 /* ViewController.m in Sources */ = {isa = PBXBuildFile; fileRef = 18F48A8D27F831B700218100 /* ViewController.m */; };
		18F48A9127F831B700218100 /* Main.storyboard in Resources */ = {isa = PBXBuildFile; fileRef = 18F48A8F27F831B700218100 /* Main.storyboard */; };
		18F48A9327F831B900218100 /* Assets.xcassets in Resources */ = {isa = PBXBuildFile; fileRef = 18F48A9227F831B900218100 /* Assets.xcassets */; };
		18F48A9627F831B900218100 /* LaunchScreen.storyboard in Resources */ = {isa = PBXBuildFile; fileRef = 18F48A9427F831B900218100 /* LaunchScreen.storyboard */; };
		18F48A9927F831B900218100 /* main.m in Sources */ = {isa = PBXBuildFile; fileRef = 18F48A9827F831B900218100 /* main.m */; };
		18F48AA327F831B900218100 /* DemoATests.m in Sources */ = {isa = PBXBuildFile; fileRef = 18F48AA227F831B900218100 /* DemoATests.m */; };
		18F48AAD27F831B900218100 /* DemoAUITests.m in Sources */ = {isa = PBXBuildFile; fileRef = 18F48AAC27F831B900218100 /* DemoAUITests.m */; };
		18F48AAF27F831B900218100 /* DemoAUITestsLaunchTests.m in Sources */ = {isa = PBXBuildFile; fileRef = 18F48AAE27F831B900218100 /* DemoAUITestsLaunchTests.m */; };
/* End PBXBuildFile section */

/* Begin PBXContainerItemProxy section */
		18F48A9F27F831B900218100 /* PBXContainerItemProxy */ = {
			isa = PBXContainerItemProxy;
			containerPortal = 18F48A7B27F831B700218100 /* Project object */;
			proxyType = 1;
			remoteGlobalIDString = 18F48A8227F831B700218100;
			remoteInfo = DemoA;
		};
		18F48AA927F831B900218100 /* PBXContainerItemProxy */ = {
			isa = PBXContainerItemProxy;
			containerPortal = 18F48A7B27F831B700218100 /* Project object */;
			proxyType = 1;
			remoteGlobalIDString = 18F48A8227F831B700218100;
			remoteInfo = DemoA;
		};
/* End PBXContainerItemProxy section */

/* Begin PBXFileReference section */
		18F48A8327F831B700218100 /* DemoA.app */ = {isa = PBXFileReference; explicitFileType = wrapper.application; includeInIndex = 0; path = DemoA.app; sourceTree = BUILT_PRODUCTS_DIR; };
		18F48A8627F831B700218100 /* AppDelegate.h */ = {isa = PBXFileReference; lastKnownFileType = sourcecode.c.h; path = AppDelegate.h; sourceTree = "<group>"; };
		18F48A8727F831B700218100 /* AppDelegate.m */ = {isa = PBXFileReference; lastKnownFileType = sourcecode.c.objc; path = AppDelegate.m; sourceTree = "<group>"; };
		18F48A8927F831B700218100 /* SceneDelegate.h */ = {isa = PBXFileReference; lastKnownFileType = sourcecode.c.h; path = SceneDelegate.h; sourceTree = "<group>"; };
		18F48A8A27F831B700218100 /* SceneDelegate.m */ = {isa = PBXFileReference; lastKnownFileType = sourcecode.c.objc; path = SceneDelegate.m; sourceTree = "<group>"; };
		18F48A8C27F831B700218100 /* ViewController.h */ = {isa = PBXFileReference; lastKnownFileType = sourcecode.c.h; path = ViewController.h; sourceTree = "<group>"; };
		18F48A8D27F831B700218100 /* ViewController.m */ = {isa = PBXFileReference; lastKnownFileType = sourcecode.c.objc; path = ViewController.m; sourceTree = "<group>"; };
		18F48A9027F831B700218100 /* Base */ = {isa = PBXFileReference; lastKnownFileType = file.storyboard; name = Base; path = Base.lproj/Main.storyboard; sourceTree = "<group>"; };
		18F48A9227F831B900218100 /* Assets.xcassets */ = {isa = PBXFileReference; lastKnownFileType = folder.assetcatalog; path = Assets.xcassets; sourceTree = "<group>"; };
		18F48A9527F831B900218100 /* Base */ = {isa = PBXFileReference; lastKnownFileType = file.storyboard; name = Base; path = Base.lproj/LaunchScreen.storyboard; sourceTree = "<group>"; };
		18F48A9727F831B900218100 /* Info.plist */ = {isa = PBXFileReference; lastKnownFileType = text.plist.xml; path = Info.plist; sourceTree = "<group>"; };
		18F48A9827F831B900218100 /* main.m */ = {isa = PBXFileReference; lastKnownFileType = sourcecode.c.objc; path = main.m; sourceTree = "<group>"; };
		18F48A9E27F831B900218100 /* DemoATests.xctest */ = {isa = PBXFileReference; explicitFileType = wrapper.cfbundle; includeInIndex = 0; path = DemoATests.xctest; sourceTree = BUILT_PRODUCTS_DIR; };
		18F48AA227F831B900218100 /* DemoATests.m */ = {isa = PBXFileReference; lastKnownFileType = sourcecode.c.objc; path = DemoATests.m; sourceTree = "<group>"; };
		18F48AA827F831B900218100 /* DemoAUITests.xctest */ = {isa = PBXFileReference; explicitFileType = wrapper.cfbundle; includeInIndex = 0; path = DemoAUITests.xctest; sourceTree = BUILT_PRODUCTS_DIR; };
		18F48AAC27F831B900218100 /* DemoAUITests.m */ = {isa = PBXFileReference; lastKnownFileType = sourcecode.c.objc; path = DemoAUITests.m; sourceTree = "<group>"; };
		18F48AAE27F831B900218100 /* DemoAUITestsLaunchTests.m */ = {isa = PBXFileReference; lastKnownFileType = sourcecode.c.objc; path = DemoAUITestsLaunchTests.m; sourceTree = "<group>"; };
/* End PBXFileReference section */

/* Begin PBXFrameworksBuildPhase section */
		18F48A8027F831B700218100 /* Frameworks */ = {
			isa = PBXFrameworksBuildPhase;
			buildActionMask = 2147483647;
			files = (
			);
			runOnlyForDeploymentPostprocessing = 0;
		};
		18F48A9B27F831B900218100 /* Frameworks */ = {
			isa = PBXFrameworksBuildPhase;
			buildActionMask = 2147483647;
			files = (
			);
			runOnlyForDeploymentPostprocessing = 0;
		};
		18F48AA527F831B900218100 /* Frameworks */ = {
			isa = PBXFrameworksBuildPhase;
			buildActionMask = 2147483647;
			files = (
			);
			runOnlyForDeploymentPostprocessing = 0;
		};
/* End PBXFrameworksBuildPhase section */

/* Begin PBXGroup section */
		18F48A7A27F831B700218100 = {
			isa = PBXGroup;
			children = (
				18F48A8527F831B700218100 /* DemoA */,
				18F48AA127F831B900218100 /* DemoATests */,
				18F48AAB27F831B900218100 /* DemoAUITests */,
				18F48A8427F831B700218100 /* Products */,
			);
			sourceTree = "<group>";
		};
		18F48A8427F831B700218100 /* Products */ = {
			isa = PBXGroup;
			children = (
				18F48A8327F831B700218100 /* DemoA.app */,
				18F48A9E27F831B900218100 /* DemoATests.xctest */,
				18F48AA827F831B900218100 /* DemoAUITests.xctest */,
			);
			name = Products;
			sourceTree = "<group>";
		};
		18F48A8527F831B700218100 /* DemoA */ = {
			isa = PBXGroup;
			children = (
				18F48A8627F831B700218100 /* AppDelegate.h */,
				18F48A8727F831B700218100 /* AppDelegate.m */,
				18F48A8927F831B700218100 /* SceneDelegate.h */,
				18F48A8A27F831B700218100 /* SceneDelegate.m */,
				18F48A8C27F831B700218100 /* ViewController.h */,
				18F48A8D27F831B700218100 /* ViewController.m */,
				18F48A8F27F831B700218100 /* Main.storyboard */,
				18F48A9227F831B900218100 /* Assets.xcassets */,
				18F48A9427F831B900218100 /* LaunchScreen.storyboard */,
				18F48A9727F831B900218100 /* Info.plist */,
				18F48A9827F831B900218100 /* main.m */,
			);
			path = DemoA;
			sourceTree = "<group>";
		};
		18F48AA127F831B900218100 /* DemoATests */ = {
			isa = PBXGroup;
			children = (
				18F48AA227F831B900218100 /* DemoATests.m */,
			);
			path = DemoATests;
			sourceTree = "<group>";
		};
		18F48AAB27F831B900218100 /* DemoAUITests */ = {
			isa = PBXGroup;
			children = (
				18F48AAC27F831B900218100 /* DemoAUITests.m */,
				18F48AAE27F831B900218100 /* DemoAUITestsLaunchTests.m */,
			);
			path = DemoAUITests;
			sourceTree = "<group>";
		};
/* End PBXGroup section */

/* Begin PBXNativeTarget section */
		18F48A8227F831B700218100 /* DemoA */ = {
			isa = PBXNativeTarget;
			buildConfigurationList = 18F48AB227F831B900218100 /* Build configuration list for PBXNativeTarget "DemoA" */;
			buildPhases = (
				18F48A7F27F831B700218100 /* Sources */,
				18F48A8027F831B700218100 /* Frameworks */,
				18F48A8127F831B700218100 /* Resources */,
			);
			buildRules = (
			);
			dependencies = (
			);
			name = DemoA;
			productName = DemoA;
			productReference = 18F48A8327F831B700218100 /* DemoA.app */;
			productType = "com.apple.product-type.application";
		};
		18F48A9D27F831B900218100 /* DemoATests */ = {
			isa = PBXNativeTarget;
			buildConfigurationList = 18F48AB527F831B900218100 /* Build configuration list for PBXNativeTarget "DemoATests" */;
			buildPhases = (
				18F48A9A27F831B900218100 /* Sources */,
				18F48A9B27F831B900218100 /* Frameworks */,
				18F48A9C27F831B900218100 /* Resources */,
			);
			buildRules = (
			);
			dependencies = (
				18F48AA027F831B900218100 /* PBXTargetDependency */,
			);
			name = DemoATests;
			productName = DemoATests;
			productReference = 18F48A9E27F831B900218100 /* DemoATests.xctest */;
			productType = "com.apple.product-type.bundle.unit-test";
		};
		18F48AA727F831B900218100 /* DemoAUITests */ = {
			isa = PBXNativeTarget;
			buildConfigurationList = 18F48AB827F831B900218100 /* Build configuration list for PBXNativeTarget "DemoAUITests" */;
			buildPhases = (
				18F48AA427F831B900218100 /* Sources */,
				18F48AA527F831B900218100 /* Frameworks */,
				18F48AA627F831B900218100 /* Resources */,
			);
			buildRules = (
			);
			dependencies = (
				18F48AAA27F831B900218100 /* PBXTargetDependency */,
			);
			name = DemoAUITests;
			productName = DemoAUITests;
			productReference = 18F48AA827F831B900218100 /* DemoAUITests.xctest */;
			productType = "com.apple.product-type.bundle.ui-testing";
		};
/* End PBXNativeTarget section */

/* Begin PBXProject section */
		18F48A7B27F831B700218100 /* Project object */ = {
			isa = PBXProject;
			attributes = {
				BuildIndependentTargetsInParallel = 1;
				LastUpgradeCheck = 1330;
				TargetAttributes = {
					18F48A8227F831B700218100 = {
						CreatedOnToolsVersion = 13.3;
					};
					18F48A9D27F831B900218100 = {
						CreatedOnToolsVersion = 13.3;
						TestTargetID = 18F48A8227F831B700218100;
					};
					18F48AA727F831B900218100 = {
						CreatedOnToolsVersion = 13.3;
						TestTargetID = 18F48A8227F831B700218100;
					};
				};
			};
			buildConfigurationList = 18F48A7E27F831B700218100 /* Build configuration list for PBXProject "DemoA" */;
			compatibilityVersion = "Xcode 13.0";
			developmentRegion = en;
			hasScannedForEncodings = 0;
			knownRegions = (
				en,
				Base,
			);
			mainGroup = 18F48A7A27F831B700218100;
			productRefGroup = 18F48A8427F831B700218100 /* Products */;
			projectDirPath = "";
			projectRoot = "";
			targets = (
				18F48A8227F831B700218100 /* DemoA */,
				18F48A9D27F831B900218100 /* DemoATests */,
				18F48AA727F831B900218100 /* DemoAUITests */,
			);
		};
/* End PBXProject section */

/* Begin PBXResourcesBuildPhase section */
		18F48A8127F831B700218100 /* Resources */ = {
			isa = PBXResourcesBuildPhase;
			buildActionMask = 2147483647;
			files = (
				18F48A9627F831B900218100 /* LaunchScreen.storyboard in Resources */,
				18F48A9327F831B900218100 /* Assets.xcassets in Resources */,
				18F48A9127F831B700218100 /* Main.storyboard in Resources */,
			);
			runOnlyForDeploymentPostprocessing = 0;
		};
		18F48A9C27F831B900218100 /* Resources */ = {
			isa = PBXResourcesBuildPhase;
			buildActionMask = 2147483647;
			files = (
			);
			runOnlyForDeploymentPostprocessing = 0;
		};
		18F48AA627F831B900218100 /* Resources */ = {
			isa = PBXResourcesBuildPhase;
			buildActionMask = 2147483647;
			files = (
			);
			runOnlyForDeploymentPostprocessing = 0;
		};
/* End PBXResourcesBuildPhase section */

/* Begin PBXSourcesBuildPhase section */
		18F48A7F27F831B700218100 /* Sources */ = {
			isa = PBXSourcesBuildPhase;
			buildActionMask = 2147483647;
			files = (
				18F48A8E27F831B700218100 /* ViewController.m in Sources */,
				18F48A8827F831B700218100 /* AppDelegate.m in Sources */,
				18F48A9927F831B900218100 /* main.m in Sources */,
				18F48A8B27F831B700218100 /* SceneDelegate.m in Sources */,
			);
			runOnlyForDeploymentPostprocessing = 0;
		};
		18F48A9A27F831B900218100 /* Sources */ = {
			isa = PBXSourcesBuildPhase;
			buildActionMask = 2147483647;
			files = (
				18F48AA327F831B900218100 /* DemoATests.m in Sources */,
			);
			runOnlyForDeploymentPostprocessing = 0;
		};
		18F48AA427F831B900218100 /* Sources */ = {
			isa = PBXSourcesBuildPhase;
			buildActionMask = 2147483647;
			files = (
				18F48AAD27F831B900218100 /* DemoAUITests.m in Sources */,
				18F48AAF27F831B900218100 /* DemoAUITestsLaunchTests.m in Sources */,
			);
			runOnlyForDeploymentPostprocessing = 0;
		};
/* End PBXSourcesBuildPhase section */

/* Begin PBXTargetDependency section */
		18F48AA027F831B900218100 /* PBXTargetDependency */ = {
			isa = PBXTargetDependency;
			target = 18F48A8227F831B700218100 /* DemoA */;
			targetProxy = 18F48A9F27F831B900218100 /* PBXContainerItemProxy */;
		};
		18F48AAA27F831B900218100 /* PBXTargetDependency */ = {
			isa = PBXTargetDependency;
			target = 18F48A8227F831B700218100 /* DemoA */;
			targetProxy = 18F48AA927F831B900218100 /* PBXContainerItemProxy */;
		};
/* End PBXTargetDependency section */

/* Begin PBXVariantGroup section */
		18F48A8F27F831B700218100 /* Main.storyboard */ = {
			isa = PBXVariantGroup;
			children = (
				18F48A9027F831B700218100 /* Base */,
			);
			name = Main.storyboard;
			sourceTree = "<group>";
		};
		18F48A9427F831B900218100 /* LaunchScreen.storyboard */ = {
			isa = PBXVariantGroup;
			children = (
				18F48A9527F831B900218100 /* Base */,
			);
			name = LaunchScreen.storyboard;
			sourceTree = "<group>";
		};
/* End PBXVariantGroup section */

/* Begin XCBuildConfiguration section */
		18F48AB027F831B900218100 /* Debug */ = {
			isa = XCBuildConfiguration;
			buildSettings = {
				ALWAYS_SEARCH_USER_PATHS = NO;
				CLANG_ANALYZER_NONNULL = YES;
				CLANG_ANALYZER_NUMBER_OBJECT_CONVERSION = YES_AGGRESSIVE;
				CLANG_CXX_LANGUAGE_STANDARD = "gnu++17";
				CLANG_ENABLE_MODULES = YES;
				CLANG_ENABLE_OBJC_ARC = YES;
				CLANG_ENABLE_OBJC_WEAK = YES;
				CLANG_WARN_BLOCK_CAPTURE_AUTORELEASING = YES;
				CLANG_WARN_BOOL_CONVERSION = YES;
				CLANG_WARN_COMMA = YES;
				CLANG_WARN_CONSTANT_CONVERSION = YES;
				CLANG_WARN_DEPRECATED_OBJC_IMPLEMENTATIONS = YES;
				CLANG_WARN_DIRECT_OBJC_ISA_USAGE = YES_ERROR;
				CLANG_WARN_DOCUMENTATION_COMMENTS = YES;
				CLANG_WARN_EMPTY_BODY = YES;
				CLANG_WARN_ENUM_CONVERSION = YES;
				CLANG_WARN_INFINITE_RECURSION = YES;
				CLANG_WARN_INT_CONVERSION = YES;
				CLANG_WARN_NON_LITERAL_NULL_CONVERSION = YES;
				CLANG_WARN_OBJC_IMPLICIT_RETAIN_SELF = YES;
				CLANG_WARN_OBJC_LITERAL_CONVERSION = YES;
				CLANG_WARN_OBJC_ROOT_CLASS = YES_ERROR;
				CLANG_WARN_QUOTED_INCLUDE_IN_FRAMEWORK_HEADER = YES;
				CLANG_WARN_RANGE_LOOP_ANALYSIS = YES;
				CLANG_WARN_STRICT_PROTOTYPES = YES;
				CLANG_WARN_SUSPICIOUS_MOVE = YES;
				CLANG_WARN_UNGUARDED_AVAILABILITY = YES_AGGRESSIVE;
				CLANG_WARN_UNREACHABLE_CODE = YES;
				CLANG_WARN__DUPLICATE_METHOD_MATCH = YES;
				COPY_PHASE_STRIP = NO;
				DEBUG_INFORMATION_FORMAT = dwarf;
				ENABLE_STRICT_OBJC_MSGSEND = YES;
				ENABLE_TESTABILITY = YES;
				GCC_C_LANGUAGE_STANDARD = gnu11;
				GCC_DYNAMIC_NO_PIC = NO;
				GCC_NO_COMMON_BLOCKS = YES;
				GCC_OPTIMIZATION_LEVEL = 0;
				GCC_PREPROCESSOR_DEFINITIONS = (
					"DEBUG=1",
					"$(inherited)",
				);
				GCC_WARN_64_TO_32_BIT_CONVERSION = YES;
				GCC_WARN_ABOUT_RETURN_TYPE = YES_ERROR;
				GCC_WARN_UNDECLARED_SELECTOR = YES;
				GCC_WARN_UNINITIALIZED_AUTOS = YES_AGGRESSIVE;
				GCC_WARN_UNUSED_FUNCTION = YES;
				GCC_WARN_UNUSED_VARIABLE = YES;
				IPHONEOS_DEPLOYMENT_TARGET = 15.4;
				MTL_ENABLE_DEBUG_INFO = INCLUDE_SOURCE;
				MTL_FAST_MATH = YES;
				ONLY_ACTIVE_ARCH = YES;
				SDKROOT = iphoneos;
			};
			name = Debug;
		};
		18F48AB127F831B900218100 /* Release */ = {
			isa = XCBuildConfiguration;
			buildSettings = {
				ALWAYS_SEARCH_USER_PATHS = NO;
				CLANG_ANALYZER_NONNULL = YES;
				CLANG_ANALYZER_NUMBER_OBJECT_CONVERSION = YES_AGGRESSIVE;
				CLANG_CXX_LANGUAGE_STANDARD = "gnu++17";
				CLANG_ENABLE_MODULES = YES;
				CLANG_ENABLE_OBJC_ARC = YES;
				CLANG_ENABLE_OBJC_WEAK = YES;
				CLANG_WARN_BLOCK_CAPTURE_AUTORELEASING = YES;
				CLANG_WARN_BOOL_CONVERSION = YES;
				CLANG_WARN_COMMA = YES;
				CLANG_WARN_CONSTANT_CONVERSION = YES;
				CLANG_WARN_DEPRECATED_OBJC_IMPLEMENTATIONS = YES;
				CLANG_WARN_DIRECT_OBJC_ISA_USAGE = YES_ERROR;
				CLANG_WARN_DOCUMENTATION_COMMENTS = YES;
				CLANG_WARN_EMPTY_BODY = YES;
				CLANG_WARN_ENUM_CONVERSION = YES;
				CLANG_WARN_INFINITE_RECURSION = YES;
				CLANG_WARN_INT_CONVERSION = YES;
				CLANG_WARN_NON_LITERAL_NULL_CONVERSION = YES;
				CLANG_WARN_OBJC_IMPLICIT_RETAIN_SELF = YES;
				CLANG_WARN_OBJC_LITERAL_CONVERSION = YES;
				CLANG_WARN_OBJC_ROOT_CLASS = YES_ERROR;
				CLANG_WARN_QUOTED_INCLUDE_IN_FRAMEWORK_HEADER = YES;
				CLANG_WARN_RANGE_LOOP_ANALYSIS = YES;
				CLANG_WARN_STRICT_PROTOTYPES = YES;
				CLANG_WARN_SUSPICIOUS_MOVE = YES;
				CLANG_WARN_UNGUARDED_AVAILABILITY = YES_AGGRESSIVE;
				CLANG_WARN_UNREACHABLE_CODE = YES;
				CLANG_WARN__DUPLICATE_METHOD_MATCH = YES;
				COPY_PHASE_STRIP = NO;
				DEBUG_INFORMATION_FORMAT = "dwarf-with-dsym";
				ENABLE_NS_ASSERTIONS = NO;
				ENABLE_STRICT_OBJC_MSGSEND = YES;
				GCC_C_LANGUAGE_STANDARD = gnu11;
				GCC_NO_COMMON_BLOCKS = YES;
				GCC_WARN_64_TO_32_BIT_CONVERSION = YES;
				GCC_WARN_ABOUT_RETURN_TYPE = YES_ERROR;
				GCC_WARN_UNDECLARED_SELECTOR = YES;
				GCC_WARN_UNINITIALIZED_AUTOS = YES_AGGRESSIVE;
				GCC_WARN_UNUSED_FUNCTION = YES;
				GCC_WARN_UNUSED_VARIABLE = YES;
				IPHONEOS_DEPLOYMENT_TARGET = 15.4;
				MTL_ENABLE_DEBUG_INFO = NO;
				MTL_FAST_MATH = YES;
				SDKROOT = iphoneos;
				VALIDATE_PRODUCT = YES;
			};
			name = Release;
		};
		18F48AB327F831B900218100 /* Debug */ = {
			isa = XCBuildConfiguration;
			buildSettings = {
				ASSETCATALOG_COMPILER_APPICON_NAME = AppIcon;
				ASSETCATALOG_COMPILER_GLOBAL_ACCENT_COLOR_NAME = AccentColor;
				CODE_SIGN_STYLE = Automatic;
				CURRENT_PROJECT_VERSION = 1;
				GENERATE_INFOPLIST_FILE = YES;
				INFOPLIST_FILE = DemoA/Info.plist;
				INFOPLIST_KEY_UIApplicationSupportsIndirectInputEvents = YES;
				INFOPLIST_KEY_UILaunchStoryboardName = LaunchScreen;
				INFOPLIST_KEY_UIMainStoryboardFile = Main;
				INFOPLIST_KEY_UISupportedInterfaceOrientations_iPad = "UIInterfaceOrientationPortrait UIInterfaceOrientationPortraitUpsideDown UIInterfaceOrientationLandscapeLeft UIInterfaceOrientationLandscapeRight";
				INFOPLIST_KEY_UISupportedInterfaceOrientations_iPhone = "UIInterfaceOrientationPortrait UIInterfaceOrientationLandscapeLeft UIInterfaceOrientationLandscapeRight";
				LD_RUNPATH_SEARCH_PATHS = (
					"$(inherited)",
					"@executable_path/Frameworks",
				);
				MARKETING_VERSION = 1.0;
				PRODUCT_BUNDLE_IDENTIFIER = lyx.DemoA;
				PRODUCT_NAME = "$(TARGET_NAME)";
				SWIFT_EMIT_LOC_STRINGS = YES;
				TARGETED_DEVICE_FAMILY = "1,2";
			};
			name = Debug;
		};
		18F48AB427F831B900218100 /* Release */ = {
			isa = XCBuildConfiguration;
			buildSettings = {
				ASSETCATALOG_COMPILER_APPICON_NAME = AppIcon;
				ASSETCATALOG_COMPILER_GLOBAL_ACCENT_COLOR_NAME = AccentColor;
				CODE_SIGN_STYLE = Automatic;
				CURRENT_PROJECT_VERSION = 1;
				GENERATE_INFOPLIST_FILE = YES;
				INFOPLIST_FILE = DemoA/Info.plist;
				INFOPLIST_KEY_UIApplicationSupportsIndirectInputEvents = YES;
				INFOPLIST_KEY_UILaunchStoryboardName = LaunchScreen;
				INFOPLIST_KEY_UIMainStoryboardFile = Main;
				INFOPLIST_KEY_UISupportedInterfaceOrientations_iPad = "UIInterfaceOrientationPortrait UIInterfaceOrientationPortraitUpsideDown UIInterfaceOrientationLandscapeLeft UIInterfaceOrientationLandscapeRight";
				INFOPLIST_KEY_UISupportedInterfaceOrientations_iPhone = "UIInterfaceOrientationPortrait UIInterfaceOrientationLandscapeLeft UIInterfaceOrientationLandscapeRight";
				LD_RUNPATH_SEARCH_PATHS = (
					"$(inherited)",
					"@executable_path/Frameworks",
				);
				MARKETING_VERSION = 1.0;
				PRODUCT_BUNDLE_IDENTIFIER = lyx.DemoA;
				PRODUCT_NAME = "$(TARGET_NAME)";
				SWIFT_EMIT_LOC_STRINGS = YES;
				TARGETED_DEVICE_FAMILY = "1,2";
			};
			name = Release;
		};
		18F48AB627F831B900218100 /* Debug */ = {
			isa = XCBuildConfiguration;
			buildSettings = {
				BUNDLE_LOADER = "$(TEST_HOST)";
				CODE_SIGN_STYLE = Automatic;
				CURRENT_PROJECT_VERSION = 1;
				GENERATE_INFOPLIST_FILE = YES;
				IPHONEOS_DEPLOYMENT_TARGET = 15.4;
				MARKETING_VERSION = 1.0;
				PRODUCT_BUNDLE_IDENTIFIER = lyx.DemoATests;
				PRODUCT_NAME = "$(TARGET_NAME)";
				SWIFT_EMIT_LOC_STRINGS = NO;
				TARGETED_DEVICE_FAMILY = "1,2";
				TEST_HOST = "$(BUILT_PRODUCTS_DIR)/DemoA.app/DemoA";
			};
			name = Debug;
		};
		18F48AB727F831B900218100 /* Release */ = {
			isa = XCBuildConfiguration;
			buildSettings = {
				BUNDLE_LOADER = "$(TEST_HOST)";
				CODE_SIGN_STYLE = Automatic;
				CURRENT_PROJECT_VERSION = 1;
				GENERATE_INFOPLIST_FILE = YES;
				IPHONEOS_DEPLOYMENT_TARGET = 15.4;
				MARKETING_VERSION = 1.0;
				PRODUCT_BUNDLE_IDENTIFIER = lyx.DemoATests;
				PRODUCT_NAME = "$(TARGET_NAME)";
				SWIFT_EMIT_LOC_STRINGS = NO;
				TARGETED_DEVICE_FAMILY = "1,2";
				TEST_HOST = "$(BUILT_PRODUCTS_DIR)/DemoA.app/DemoA";
			};
			name = Release;
		};
		18F48AB927F831B900218100 /* Debug */ = {
			isa = XCBuildConfiguration;
			buildSettings = {
				CODE_SIGN_STYLE = Automatic;
				CURRENT_PROJECT_VERSION = 1;
				GENERATE_INFOPLIST_FILE = YES;
				MARKETING_VERSION = 1.0;
				PRODUCT_BUNDLE_IDENTIFIER = lyx.DemoAUITests;
				PRODUCT_NAME = "$(TARGET_NAME)";
				SWIFT_EMIT_LOC_STRINGS = NO;
				TARGETED_DEVICE_FAMILY = "1,2";
				TEST_TARGET_NAME = DemoA;
			};
			name = Debug;
		};
		18F48ABA27F831B900218100 /* Release */ = {
			isa = XCBuildConfiguration;
			buildSettings = {
				CODE_SIGN_STYLE = Automatic;
				CURRENT_PROJECT_VERSION = 1;
				GENERATE_INFOPLIST_FILE = YES;
				MARKETING_VERSION = 1.0;
				PRODUCT_BUNDLE_IDENTIFIER = lyx.DemoAUITests;
				PRODUCT_NAME = "$(TARGET_NAME)";
				SWIFT_EMIT_LOC_STRINGS = NO;
				TARGETED_DEVICE_FAMILY = "1,2";
				TEST_TARGET_NAME = DemoA;
			};
			name = Release;
		};
/* End XCBuildConfiguration section */

/* Begin XCConfigurationList section */
		18F48A7E27F831B700218100 /* Build configuration list for PBXProject "DemoA" */ = {
			isa = XCConfigurationList;
			buildConfigurations = (
				18F48AB027F831B900218100 /* Debug */,
				18F48AB127F831B900218100 /* Release */,
			);
			defaultConfigurationIsVisible = 0;
			defaultConfigurationName = Release;
		};
		18F48AB227F831B900218100 /* Build configuration list for PBXNativeTarget "DemoA" */ = {
			isa = XCConfigurationList;
			buildConfigurations = (
				18F48AB327F831B900218100 /* Debug */,
				18F48AB427F831B900218100 /* Release */,
			);
			defaultConfigurationIsVisible = 0;
			defaultConfigurationName = Release;
		};
		18F48AB527F831B900218100 /* Build configuration list for PBXNativeTarget "DemoATests" */ = {
			isa = XCConfigurationList;
			buildConfigurations = (
				18F48AB627F831B900218100 /* Debug */,
				18F48AB727F831B900218100 /* Release */,
			);
			defaultConfigurationIsVisible = 0;
			defaultConfigurationName = Release;
		};
		18F48AB827F831B900218100 /* Build configuration list for PBXNativeTarget "DemoAUITests" */ = {
			isa = XCConfigurationList;
			buildConfigurations = (
				18F48AB927F831B900218100 /* Debug */,
				18F48ABA27F831B900218100 /* Release */,
			);
			defaultConfigurationIsVisible = 0;
			defaultConfigurationName = Release;
		};
/* End XCConfigurationList section */
	};
	rootObject = 18F48A7B27F831B700218100 /* Project object */;
}
